
Microsoft Visual Studio Solution File, Format Version 12.00
# Visual Studio Version 17
VisualStudioVersion = 17.6.33723.286
MinimumVisualStudioVersion = 10.0.40219.1
Project("{FAE04EC0-301F-11D3-BF4B-00C04F79EFBC}") = "01. Advertisement Message", "01. Advertisement Message\01. Advertisement Message.csproj", "{AF999477-6485-4A02-8F6D-DEBB7E093EED}"
EndProject
Global
	GlobalSection(SolutionConfigurationPlatforms) = preSolution
		Debug|Any CPU = Debug|Any CPU
		Release|Any CPU = Release|Any CPU
	EndGlobalSection
	GlobalSection(ProjectConfigurationPlatforms) = postSolution
		{AF999477-6485-4A02-8F6D-DEBB7E093EED}.Debug|Any CPU.ActiveCfg = Debug|Any CPU
		{AF999477-6485-4A02-8F6D-DEBB7E093EED}.Debug|Any CPU.Build.0 = Debug|Any CPU
		{AF999477-6485-4A02-8F6D-DEBB7E093EED}.Release|Any CPU.ActiveCfg = Release|Any CPU
		{AF999477-6485-4A02-8F6D-DEBB7E093EED}.Release|Any CPU.Build.0 = Release|Any CPU
	EndGlobalSection
	GlobalSection(SolutionProperties) = preSolution
		HideSolutionNode = FALSE
	EndGlobalSection
	GlobalSection(ExtensibilityGlobals) = postSolution
		SolutionGuid = {56E3E82A-2558-479A-BCDF-5A3E1FDE6DFA}
	EndGlobalSection
EndGlobal
